
Microsoft Visual Studio Solution File, Format Version 12.00
# Visual Studio Version 17
VisualStudioVersion = 17.7.34202.233
MinimumVisualStudioVersion = 10.0.40219.1
Project("{FAE04EC0-301F-11D3-BF4B-00C04F79EFBC}") = "lab.4.1.High.lvl.kruchinina", "lab.4.1.High.lvl.kruchinina\lab.4.1.High.lvl.kruchinina.csproj", "{E45FA547-DDC5-44ED-8ADF-9EBD31FD5D4C}"
EndProject
Global
	GlobalSection(SolutionConfigurationPlatforms) = preSolution
		Debug|Any CPU = Debug|Any CPU
		Release|Any CPU = Release|Any CPU
	EndGlobalSection
	GlobalSection(ProjectConfigurationPlatforms) = postSolution
		{E45FA547-DDC5-44ED-8ADF-9EBD31FD5D4C}.Debug|Any CPU.ActiveCfg = Debug|Any CPU
		{E45FA547-DDC5-44ED-8ADF-9EBD31FD5D4C}.Debug|Any CPU.Build.0 = Debug|Any CPU
		{E45FA547-DDC5-44ED-8ADF-9EBD31FD5D4C}.Release|Any CPU.ActiveCfg = Release|Any CPU
		{E45FA547-DDC5-44ED-8ADF-9EBD31FD5D4C}.Release|Any CPU.Build.0 = Release|Any CPU
	EndGlobalSection
	GlobalSection(SolutionProperties) = preSolution
		HideSolutionNode = FALSE
	EndGlobalSection
	GlobalSection(ExtensibilityGlobals) = postSolution
		SolutionGuid = {AB8DED18-FF37-46F2-AC23-5641E81BA60F}
	EndGlobalSection
EndGlobal
